
Microsoft Visual Studio Solution File, Format Version 12.00
# Visual Studio Version 17
VisualStudioVersion = 17.12.35707.178
MinimumVisualStudioVersion = 10.0.40219.1
Project("{2150E333-8FDC-42A3-9474-1A3956D46DE8}") = "Services", "Services", "{B486FBC5-BBDA-415C-8C78-2C931B954C16}"
EndProject
Project("{2150E333-8FDC-42A3-9474-1A3956D46DE8}") = "Catalog", "Catalog", "{03F37C89-23A1-4876-A8CE-0CD4F91E5464}"
EndProject
Project("{FAE04EC0-301F-11D3-BF4B-00C04F79EFBC}") = "MultiShop.Catalog", "Catalog\MultiShop.Catalog\MultiShop.Catalog.csproj", "{AB4137D2-649A-45A5-8725-5FEA2AC02FB8}"
EndProject
Project("{2150E333-8FDC-42A3-9474-1A3956D46DE8}") = "Discount", "Discount", "{FB136E55-F20F-427E-B45C-CAB4A99320AB}"
EndProject
Project("{FAE04EC0-301F-11D3-BF4B-00C04F79EFBC}") = "MultiShop.Discount", "Services\Discount\MultiShop.Discount\MultiShop.Discount.csproj", "{8C123062-A34A-4BD1-9F22-7DECAB41A103}"
EndProject
Project("{2150E333-8FDC-42A3-9474-1A3956D46DE8}") = "Order", "Order", "{363BAC98-331C-4329-A652-421B118ED0B3}"
EndProject
Project("{2150E333-8FDC-42A3-9474-1A3956D46DE8}") = "Core", "Core", "{9258617A-A192-4F46-8A1C-4FA490455C84}"
EndProject
Project("{2150E333-8FDC-42A3-9474-1A3956D46DE8}") = "Infrastructure", "Infrastructure", "{7012B76C-66AE-435A-841B-7DDF01D16AB7}"
EndProject
Project("{2150E333-8FDC-42A3-9474-1A3956D46DE8}") = "Presentation", "Presentation", "{463D1534-02E7-4594-8F86-E686716F23E2}"
EndProject
Project("{FAE04EC0-301F-11D3-BF4B-00C04F79EFBC}") = "MultiShop.Order.Domain", "Services\Order\Core\MultiShop.Order.Domain\MultiShop.Order.Domain.csproj", "{332EDDB3-A898-4906-ACA3-C85E55C1BE19}"
EndProject
Project("{FAE04EC0-301F-11D3-BF4B-00C04F79EFBC}") = "MultiShop.Order.Application", "Services\Order\Core\MultiShop.Order.Application\MultiShop.Order.Application.csproj", "{A6D7BDD4-18AA-4463-9A5C-53C43B100F28}"
EndProject
Project("{FAE04EC0-301F-11D3-BF4B-00C04F79EFBC}") = "MultiShop.Order.Persistence", "Services\Order\Infrastructure\MultiShop.Order.Persistence\MultiShop.Order.Persistence.csproj", "{D904AFB0-0F51-4EA3-83C3-E9CD28412D69}"
EndProject
Project("{FAE04EC0-301F-11D3-BF4B-00C04F79EFBC}") = "MultiShop.Order.WebApi", "Order\Presentation\MultiShop.Order.WebApi\MultiShop.Order.WebApi.csproj", "{5B84B944-D1F7-4DBE-984B-416475955CB4}"
EndProject
Global
	GlobalSection(SolutionConfigurationPlatforms) = preSolution
		Debug|Any CPU = Debug|Any CPU
		Release|Any CPU = Release|Any CPU
	EndGlobalSection
	GlobalSection(ProjectConfigurationPlatforms) = postSolution
		{AB4137D2-649A-45A5-8725-5FEA2AC02FB8}.Debug|Any CPU.ActiveCfg = Debug|Any CPU
		{AB4137D2-649A-45A5-8725-5FEA2AC02FB8}.Debug|Any CPU.Build.0 = Debug|Any CPU
		{AB4137D2-649A-45A5-8725-5FEA2AC02FB8}.Release|Any CPU.ActiveCfg = Release|Any CPU
		{AB4137D2-649A-45A5-8725-5FEA2AC02FB8}.Release|Any CPU.Build.0 = Release|Any CPU
		{8C123062-A34A-4BD1-9F22-7DECAB41A103}.Debug|Any CPU.ActiveCfg = Debug|Any CPU
		{8C123062-A34A-4BD1-9F22-7DECAB41A103}.Debug|Any CPU.Build.0 = Debug|Any CPU
		{8C123062-A34A-4BD1-9F22-7DECAB41A103}.Release|Any CPU.ActiveCfg = Release|Any CPU
		{8C123062-A34A-4BD1-9F22-7DECAB41A103}.Release|Any CPU.Build.0 = Release|Any CPU
		{332EDDB3-A898-4906-ACA3-C85E55C1BE19}.Debug|Any CPU.ActiveCfg = Debug|Any CPU
		{332EDDB3-A898-4906-ACA3-C85E55C1BE19}.Debug|Any CPU.Build.0 = Debug|Any CPU
		{332EDDB3-A898-4906-ACA3-C85E55C1BE19}.Release|Any CPU.ActiveCfg = Release|Any CPU
		{332EDDB3-A898-4906-ACA3-C85E55C1BE19}.Release|Any CPU.Build.0 = Release|Any CPU
		{A6D7BDD4-18AA-4463-9A5C-53C43B100F28}.Debug|Any CPU.ActiveCfg = Debug|Any CPU
		{A6D7BDD4-18AA-4463-9A5C-53C43B100F28}.Debug|Any CPU.Build.0 = Debug|Any CPU
		{A6D7BDD4-18AA-4463-9A5C-53C43B100F28}.Release|Any CPU.ActiveCfg = Release|Any CPU
		{A6D7BDD4-18AA-4463-9A5C-53C43B100F28}.Release|Any CPU.Build.0 = Release|Any CPU
		{D904AFB0-0F51-4EA3-83C3-E9CD28412D69}.Debug|Any CPU.ActiveCfg = Debug|Any CPU
		{D904AFB0-0F51-4EA3-83C3-E9CD28412D69}.Debug|Any CPU.Build.0 = Debug|Any CPU
		{D904AFB0-0F51-4EA3-83C3-E9CD28412D69}.Release|Any CPU.ActiveCfg = Release|Any CPU
		{D904AFB0-0F51-4EA3-83C3-E9CD28412D69}.Release|Any CPU.Build.0 = Release|Any CPU
		{5B84B944-D1F7-4DBE-984B-416475955CB4}.Debug|Any CPU.ActiveCfg = Debug|Any CPU
		{5B84B944-D1F7-4DBE-984B-416475955CB4}.Debug|Any CPU.Build.0 = Debug|Any CPU
		{5B84B944-D1F7-4DBE-984B-416475955CB4}.Release|Any CPU.ActiveCfg = Release|Any CPU
		{5B84B944-D1F7-4DBE-984B-416475955CB4}.Release|Any CPU.Build.0 = Release|Any CPU
	EndGlobalSection
	GlobalSection(SolutionProperties) = preSolution
		HideSolutionNode = FALSE
	EndGlobalSection
	GlobalSection(NestedProjects) = preSolution
		{03F37C89-23A1-4876-A8CE-0CD4F91E5464} = {B486FBC5-BBDA-415C-8C78-2C931B954C16}
		{AB4137D2-649A-45A5-8725-5FEA2AC02FB8} = {03F37C89-23A1-4876-A8CE-0CD4F91E5464}
		{FB136E55-F20F-427E-B45C-CAB4A99320AB} = {B486FBC5-BBDA-415C-8C78-2C931B954C16}
		{8C123062-A34A-4BD1-9F22-7DECAB41A103} = {FB136E55-F20F-427E-B45C-CAB4A99320AB}
		{363BAC98-331C-4329-A652-421B118ED0B3} = {B486FBC5-BBDA-415C-8C78-2C931B954C16}
		{9258617A-A192-4F46-8A1C-4FA490455C84} = {363BAC98-331C-4329-A652-421B118ED0B3}
		{7012B76C-66AE-435A-841B-7DDF01D16AB7} = {363BAC98-331C-4329-A652-421B118ED0B3}
		{463D1534-02E7-4594-8F86-E686716F23E2} = {363BAC98-331C-4329-A652-421B118ED0B3}
		{332EDDB3-A898-4906-ACA3-C85E55C1BE19} = {9258617A-A192-4F46-8A1C-4FA490455C84}
		{A6D7BDD4-18AA-4463-9A5C-53C43B100F28} = {9258617A-A192-4F46-8A1C-4FA490455C84}
		{D904AFB0-0F51-4EA3-83C3-E9CD28412D69} = {7012B76C-66AE-435A-841B-7DDF01D16AB7}
		{5B84B944-D1F7-4DBE-984B-416475955CB4} = {463D1534-02E7-4594-8F86-E686716F23E2}
	EndGlobalSection
EndGlobal
